{
  "name": "milestone",
  "version": "1.0.0",
  "lockfileVersion": 2,
  "requires": true,
  "packages": {
    "": {
      "name": "milestone",
      "version": "1.0.0",
      "license": "ISC",
      "devDependencies": {
        "milestone": "^1.0.0"
      }
    },
    "node_modules/milestone": {
      "version": "1.0.0",
      "resolved": "https://registry.npmjs.org/milestone/-/milestone-1.0.0.tgz",
      "integrity": "sha512-OnA6MYqIyZCASde1hJrzxfkVPSzPRlQig+u614E1zstSC9Vaw6UwQ5dUVloFHemWZcmMw4wF8EgJheMjepkwww==",
      "dev": true
    }
  },
  "dependencies": {
    "milestone": {
      "version": "1.0.0",
      "resolved": "https://registry.npmjs.org/milestone/-/milestone-1.0.0.tgz",
      "integrity": "sha512-OnA6MYqIyZCASde1hJrzxfkVPSzPRlQig+u614E1zstSC9Vaw6UwQ5dUVloFHemWZcmMw4wF8EgJheMjepkwww==",
      "dev": true
    }
  }
}
